<?xml version="1.0" encoding="utf-8"?>
<Project ToolsVersion="17.0" xmlns="http://schemas.microsoft.com/developer/msbuild/2003">
  <ItemGroup>
    <CustomBuild Include="C:\Users\ivani\OneDrive\Documentos\GitHub\DeathToken\DeathTokenBase\firebase_cpp_sdk_12.7.0\firebase_cpp_sdk\CMakeFiles\28d7d4ec4531d6e167a6a417be087bf2\generate.stamp.rule">
      <Filter>CMake Rules</Filter>
    </CustomBuild>
  </ItemGroup>
  <ItemGroup>
    <Filter Include="CMake Rules">
      <UniqueIdentifier>{8DF029B3-49AF-3EC9-A055-FF5627E83D4C}</UniqueIdentifier>
    </Filter>
  </ItemGroup>
</Project>
