<?xml version="1.0" encoding="utf-8"?>
<Project ToolsVersion="4.0" xmlns="http://schemas.microsoft.com/developer/msbuild/2003">
  <ItemGroup>
    <ClInclude Include="EscenaTutorial.h">
      <Filter>Archivos de encabezado</Filter>
    </ClInclude>
    <ClInclude Include="Mesa.h">
      <Filter>Archivos de encabezado</Filter>
    </ClInclude>
    <ClInclude Include="PauseState.h">
      <Filter>Archivos de encabezado</Filter>
    </ClInclude>
    <ClInclude Include="rouletteChoose.h">
      <Filter>Archivos de encabezado</Filter>
    </ClInclude>
    <ClInclude Include="scythe.h">
      <Filter>Archivos de encabezado</Filter>
    </ClInclude>
    <ClInclude Include="inputBox.h">
      <Filter>Archivos de encabezado</Filter>
    </ClInclude>
    <ClInclude Include="award.h" />
    <ClInclude Include="baccarat.h" />
    <ClInclude Include="baccaratBet.h" />
    <ClInclude Include="baccaratBlackjack.h" />
    <ClInclude Include="baccaratFlip.h" />
    <ClInclude Include="barraVida.h" />
    <ClInclude Include="battleManager.h" />
    <ClInclude Include="button.h" />
    <ClInclude Include="card.h" />
    <ClInclude Include="carrete.h" />
    <ClInclude Include="celda.h" />
    <ClInclude Include="checkML.h" />
    <ClInclude Include="baccaratInsanityManager.h" />
    <ClInclude Include="dialogueBox.h" />
    <ClInclude Include="escenaTutorial.h" />
    <ClInclude Include="fighter.h" />
    <ClInclude Include="firebaseUtils.h" />
    <ClInclude Include="finalMenu.h" />
    <ClInclude Include="font.h" />
    <ClInclude Include="generaPrecios.h" />
    <ClInclude Include="hud.h" />
    <ClInclude Include="inputBox.h" />
    <ClInclude Include="json.hpp" />
    <ClInclude Include="mainMenu.h" />
    <ClInclude Include="marblesInsanity.h" />
    <ClInclude Include="mesa.h" />
    <ClInclude Include="pauseState.h" />
    <ClInclude Include="peleas.h" />
    <ClInclude Include="peleasInsanity.h" />
    <ClInclude Include="playerEconomy.h" />
    <ClInclude Include="ranking.h" />
    <ClInclude Include="rouletteChoose.h" />
    <ClInclude Include="scythe.h" />
    <ClInclude Include="sdlUtils.h" />
    <ClInclude Include="slotsNormal.h" />
    <ClInclude Include="soundManager.h" />
    <ClInclude Include="text.h" />
    <ClInclude Include="eventHandler.h" />
    <ClInclude Include="game.h" />
    <ClInclude Include="gameObject.h" />
    <ClInclude Include="gameState.h" />
    <ClInclude Include="gameStateMachine.h" />
    <ClInclude Include="marbles.h" />
    <ClInclude Include="menu.h" />
    <ClInclude Include="player.h" />
    <ClInclude Include="roulette.h" />
    <ClInclude Include="rouletteScene.h" />
    <ClInclude Include="sceneObject.h" />
    <ClInclude Include="slots.h" />
    <ClInclude Include="slotsInsanity.h" />
    <ClInclude Include="texture.h" />
    <ClInclude Include="tutorial.h" />
    <ClInclude Include="ui.h" />
    <ClInclude Include="vector2D.h" />
  </ItemGroup>
  <ItemGroup>
    <ClCompile Include="EscenaTutorial.cpp">
      <Filter>Archivos de origen</Filter>
    </ClCompile>
    <ClCompile Include="Mesa.cpp">
      <Filter>Archivos de origen</Filter>
    </ClCompile>
    <ClCompile Include="PauseState.cpp">
      <Filter>Archivos de origen</Filter>
    </ClCompile>
    <ClCompile Include="rouletteChoose.cpp">
      <Filter>Archivos de origen</Filter>
    </ClCompile>
    <ClCompile Include="scythe.cpp">
      <Filter>Archivos de origen</Filter>
    </ClCompile>
    <ClCompile Include="award.cpp" />
    <ClCompile Include="baccarat.cpp" />
    <ClCompile Include="baccaratBet.cpp" />
    <ClCompile Include="baccaratBlackjack.cpp" />
    <ClCompile Include="baccaratFlip.cpp" />
    <ClCompile Include="barraVida.cpp" />
    <ClCompile Include="battleManager.cpp" />
    <ClCompile Include="button.cpp" />
    <ClCompile Include="card.cpp" />
    <ClCompile Include="carrete.cpp" />
    <ClCompile Include="celda.cpp" />
    <ClCompile Include="baccaratInsanityManager.cpp" />
    <ClCompile Include="dialogueBox.cpp" />
    <ClCompile Include="escenaTutorial.cpp" />
    <ClCompile Include="fighter.cpp" />
    <ClCompile Include="firebaseUtils.cpp" />
    <ClCompile Include="finalMenu.cpp" />
    <ClCompile Include="generaPrecios.cpp" />
    <ClCompile Include="hud.cpp" />
    <ClCompile Include="inputBox.cpp" />
    <ClCompile Include="mainMenu.cpp" />
    <ClCompile Include="marblesInsanity.cpp" />
    <ClCompile Include="mesa.cpp" />
    <ClCompile Include="pauseState.cpp" />
    <ClCompile Include="peleas.cpp" />
    <ClCompile Include="peleasInsanity.cpp" />
    <ClCompile Include="playerEconomy.cpp" />
    <ClCompile Include="ranking.cpp" />
    <ClCompile Include="rouletteChoose.cpp" />
    <ClCompile Include="scythe.cpp" />
    <ClCompile Include="sdlUtils.cpp" />
    <ClCompile Include="slotsNormal.cpp" />
    <ClCompile Include="soundManager.cpp" />
    <ClCompile Include="text.cpp" />
    <ClCompile Include="game.cpp" />
    <ClCompile Include="gameState.cpp" />
    <ClCompile Include="gameStateMachine.cpp" />
    <ClCompile Include="main.cpp" />
    <ClCompile Include="marbles.cpp" />
    <ClCompile Include="menu.cpp" />
    <ClCompile Include="player.cpp" />
    <ClCompile Include="roulette.cpp" />
    <ClCompile Include="rouletteScene.cpp" />
    <ClCompile Include="sceneObject.cpp" />
    <ClCompile Include="slotsInsanity.cpp" />
    <ClCompile Include="texture.cpp" />
    <ClCompile Include="tutorial.cpp" />
    <ClCompile Include="ui.cpp" />
  </ItemGroup>
  <ItemGroup>
    <None Include="matchups.json" />
    <None Include="peleadores.json" />
    <None Include="SDL2.dll" />
    <None Include="SDL2_image.dll" />
    <None Include="SDL2_mixer.dll" />
    <None Include="SDL2_ttf.dll" />
  </ItemGroup>
</Project>